
Microsoft Visual Studio Solution File, Format Version 12.00
Project("{FAE04EC0-301F-11D3-BF4B-00C04F79EFBC}") = "NetFrameworkServer", "NetFrameworkServer\NetFrameworkServer.csproj", "{FBFFF759-7FC1-453C-B23D-204A566DF464}"
EndProject
Project("{2150E333-8FDC-42A3-9474-1A3956D46DE8}") = "Solution Files", "Solution Files", "{09717D7D-4C9B-470D-820E-40009F1D07EB}"
	ProjectSection(SolutionItems) = preProject
		.gitignore = .gitignore
		LICENSE.md = LICENSE.md
		README.md = README.md
	EndProjectSection
EndProject
Project("{FAE04EC0-301F-11D3-BF4B-00C04F79EFBC}") = "NetClient", "NetClient\NetClient.csproj", "{EC9BF247-2AF4-4B1E-B512-44D65543379A}"
EndProject
Global
	GlobalSection(SolutionConfigurationPlatforms) = preSolution
		Debug|Any CPU = Debug|Any CPU
		Release|Any CPU = Release|Any CPU
	EndGlobalSection
	GlobalSection(ProjectConfigurationPlatforms) = postSolution
		{FBFFF759-7FC1-453C-B23D-204A566DF464}.Debug|Any CPU.ActiveCfg = Debug|Any CPU
		{FBFFF759-7FC1-453C-B23D-204A566DF464}.Debug|Any CPU.Build.0 = Debug|Any CPU
		{FBFFF759-7FC1-453C-B23D-204A566DF464}.Release|Any CPU.ActiveCfg = Release|Any CPU
		{FBFFF759-7FC1-453C-B23D-204A566DF464}.Release|Any CPU.Build.0 = Release|Any CPU
		{EC9BF247-2AF4-4B1E-B512-44D65543379A}.Debug|Any CPU.ActiveCfg = Debug|Any CPU
		{EC9BF247-2AF4-4B1E-B512-44D65543379A}.Debug|Any CPU.Build.0 = Debug|Any CPU
		{EC9BF247-2AF4-4B1E-B512-44D65543379A}.Release|Any CPU.ActiveCfg = Release|Any CPU
		{EC9BF247-2AF4-4B1E-B512-44D65543379A}.Release|Any CPU.Build.0 = Release|Any CPU
	EndGlobalSection
EndGlobal
